
Microsoft Visual Studio Solution File, Format Version 12.00
# Visual Studio Version 16
VisualStudioVersion = 16.0.30907.101
MinimumVisualStudioVersion = 10.0.40219.1
Project("{FAE04EC0-301F-11D3-BF4B-00C04F79EFBC}") = "EntityFremeWorkProcess2", "EntityFremeWorkProcess2.csproj", "{D6302717-64F3-4637-9A9E-C0AE7FDCBDAF}"
EndProject
Global
	GlobalSection(SolutionConfigurationPlatforms) = preSolution
		Debug|Any CPU = Debug|Any CPU
		Release|Any CPU = Release|Any CPU
	EndGlobalSection
	GlobalSection(ProjectConfigurationPlatforms) = postSolution
		{D6302717-64F3-4637-9A9E-C0AE7FDCBDAF}.Debug|Any CPU.ActiveCfg = Debug|Any CPU
		{D6302717-64F3-4637-9A9E-C0AE7FDCBDAF}.Debug|Any CPU.Build.0 = Debug|Any CPU
		{D6302717-64F3-4637-9A9E-C0AE7FDCBDAF}.Release|Any CPU.ActiveCfg = Release|Any CPU
		{D6302717-64F3-4637-9A9E-C0AE7FDCBDAF}.Release|Any CPU.Build.0 = Release|Any CPU
	EndGlobalSection
	GlobalSection(SolutionProperties) = preSolution
		HideSolutionNode = FALSE
	EndGlobalSection
	GlobalSection(ExtensibilityGlobals) = postSolution
		SolutionGuid = {B6A279BF-ACC8-491E-A239-27B85D685B35}
	EndGlobalSection
EndGlobal
