
Microsoft Visual Studio Solution File, Format Version 12.00
# Visual Studio Version 16
VisualStudioVersion = 16.0.30907.101
MinimumVisualStudioVersion = 10.0.40219.1
Project("{FAE04EC0-301F-11D3-BF4B-00C04F79EFBC}") = "EntitiyFrameworkVeLinqDersleriMY", "EntitiyFrameworkVeLinqDersleriMY.csproj", "{9B3175A6-54F5-4208-8774-546FD712FF07}"
EndProject
Global
	GlobalSection(SolutionConfigurationPlatforms) = preSolution
		Debug|Any CPU = Debug|Any CPU
		Release|Any CPU = Release|Any CPU
	EndGlobalSection
	GlobalSection(ProjectConfigurationPlatforms) = postSolution
		{9B3175A6-54F5-4208-8774-546FD712FF07}.Debug|Any CPU.ActiveCfg = Debug|Any CPU
		{9B3175A6-54F5-4208-8774-546FD712FF07}.Debug|Any CPU.Build.0 = Debug|Any CPU
		{9B3175A6-54F5-4208-8774-546FD712FF07}.Release|Any CPU.ActiveCfg = Release|Any CPU
		{9B3175A6-54F5-4208-8774-546FD712FF07}.Release|Any CPU.Build.0 = Release|Any CPU
	EndGlobalSection
	GlobalSection(SolutionProperties) = preSolution
		HideSolutionNode = FALSE
	EndGlobalSection
	GlobalSection(ExtensibilityGlobals) = postSolution
		SolutionGuid = {40B04ED6-98E8-4513-97D6-94B2F6F0F2F5}
	EndGlobalSection
EndGlobal
