
Microsoft Visual Studio Solution File, Format Version 12.00
# Visual Studio Version 17
VisualStudioVersion = 17.2.32630.192
MinimumVisualStudioVersion = 10.0.40219.1
Project("{FAE04EC0-301F-11D3-BF4B-00C04F79EFBC}") = "OrnekEF2", "OrnekEF2\OrnekEF2.csproj", "{DE282182-213B-459B-93D0-F19D80005F01}"
EndProject
Global
	GlobalSection(SolutionConfigurationPlatforms) = preSolution
		Debug|Any CPU = Debug|Any CPU
		Release|Any CPU = Release|Any CPU
	EndGlobalSection
	GlobalSection(ProjectConfigurationPlatforms) = postSolution
		{DE282182-213B-459B-93D0-F19D80005F01}.Debug|Any CPU.ActiveCfg = Debug|Any CPU
		{DE282182-213B-459B-93D0-F19D80005F01}.Debug|Any CPU.Build.0 = Debug|Any CPU
		{DE282182-213B-459B-93D0-F19D80005F01}.Release|Any CPU.ActiveCfg = Release|Any CPU
		{DE282182-213B-459B-93D0-F19D80005F01}.Release|Any CPU.Build.0 = Release|Any CPU
	EndGlobalSection
	GlobalSection(SolutionProperties) = preSolution
		HideSolutionNode = FALSE
	EndGlobalSection
	GlobalSection(ExtensibilityGlobals) = postSolution
		SolutionGuid = {23B7FDDA-7E82-4578-917E-F0445A75D588}
	EndGlobalSection
EndGlobal
